
Microsoft Visual Studio Solution File, Format Version 12.00
# Visual Studio Version 17
VisualStudioVersion = 17.4.33213.308
MinimumVisualStudioVersion = 10.0.40219.1
Project("{FAE04EC0-301F-11D3-BF4B-00C04F79EFBC}") = "FotoCenter", "FotoCenter\FotoCenter.csproj", "{043F8D2C-DC91-4F8A-AA41-B6E5923A7018}"
EndProject
Project("{FAE04EC0-301F-11D3-BF4B-00C04F79EFBC}") = "Domain", "Domain\Domain.csproj", "{A336F2C7-5FA3-4BDB-BF21-C77C166180DA}"
EndProject
Project("{FAE04EC0-301F-11D3-BF4B-00C04F79EFBC}") = "Infrastructure", "Infrastructure\Infrastructure.csproj", "{17E4DA18-C8CF-491B-84C5-6BDCAB0B6E60}"
EndProject
Project("{FAE04EC0-301F-11D3-BF4B-00C04F79EFBC}") = "Core", "Core\Core.csproj", "{84F10FBF-8028-4147-9AA6-DC06F111E75E}"
EndProject
Global
	GlobalSection(SolutionConfigurationPlatforms) = preSolution
		Debug|Any CPU = Debug|Any CPU
		Release|Any CPU = Release|Any CPU
	EndGlobalSection
	GlobalSection(ProjectConfigurationPlatforms) = postSolution
		{043F8D2C-DC91-4F8A-AA41-B6E5923A7018}.Debug|Any CPU.ActiveCfg = Debug|Any CPU
		{043F8D2C-DC91-4F8A-AA41-B6E5923A7018}.Debug|Any CPU.Build.0 = Debug|Any CPU
		{043F8D2C-DC91-4F8A-AA41-B6E5923A7018}.Release|Any CPU.ActiveCfg = Release|Any CPU
		{043F8D2C-DC91-4F8A-AA41-B6E5923A7018}.Release|Any CPU.Build.0 = Release|Any CPU
		{A336F2C7-5FA3-4BDB-BF21-C77C166180DA}.Debug|Any CPU.ActiveCfg = Debug|Any CPU
		{A336F2C7-5FA3-4BDB-BF21-C77C166180DA}.Debug|Any CPU.Build.0 = Debug|Any CPU
		{A336F2C7-5FA3-4BDB-BF21-C77C166180DA}.Release|Any CPU.ActiveCfg = Release|Any CPU
		{A336F2C7-5FA3-4BDB-BF21-C77C166180DA}.Release|Any CPU.Build.0 = Release|Any CPU
		{17E4DA18-C8CF-491B-84C5-6BDCAB0B6E60}.Debug|Any CPU.ActiveCfg = Debug|Any CPU
		{17E4DA18-C8CF-491B-84C5-6BDCAB0B6E60}.Debug|Any CPU.Build.0 = Debug|Any CPU
		{17E4DA18-C8CF-491B-84C5-6BDCAB0B6E60}.Release|Any CPU.ActiveCfg = Release|Any CPU
		{17E4DA18-C8CF-491B-84C5-6BDCAB0B6E60}.Release|Any CPU.Build.0 = Release|Any CPU
		{84F10FBF-8028-4147-9AA6-DC06F111E75E}.Debug|Any CPU.ActiveCfg = Debug|Any CPU
		{84F10FBF-8028-4147-9AA6-DC06F111E75E}.Debug|Any CPU.Build.0 = Debug|Any CPU
		{84F10FBF-8028-4147-9AA6-DC06F111E75E}.Release|Any CPU.ActiveCfg = Release|Any CPU
		{84F10FBF-8028-4147-9AA6-DC06F111E75E}.Release|Any CPU.Build.0 = Release|Any CPU
	EndGlobalSection
	GlobalSection(SolutionProperties) = preSolution
		HideSolutionNode = FALSE
	EndGlobalSection
	GlobalSection(ExtensibilityGlobals) = postSolution
		SolutionGuid = {98005335-CB10-4ED9-9A8B-E075A6BC395F}
	EndGlobalSection
EndGlobal
